
Microsoft Visual Studio Solution File, Format Version 12.00
# Visual Studio 2012
Project("{D954291E-2A0B-460D-934E-DC6B0785DB48}") = "CloudCoin.CE", "CloudCoin.CE\CloudCoin.CE.shproj", "{BFF05CCA-11E7-447C-A8DF-25D163BABD66}"
EndProject
Project("{FAE04EC0-301F-11D3-BF4B-00C04F79EFBC}") = "CloudCoinCE", "iOS\CloudCoinCE.csproj", "{D2E45F58-1305-4F45-8EB3-62B01B3AC259}"
EndProject
Project("{FAE04EC0-301F-11D3-BF4B-00C04F79EFBC}") = "CloudCoin.CE.Droid", "Droid\CloudCoin.CE.Droid.csproj", "{B2417C84-E981-4734-9936-B92B2A51F84F}"
EndProject
Project("{FAE04EC0-301F-11D3-BF4B-00C04F79EFBC}") = "shareExtension", "shareExtension\shareExtension.csproj", "{0E040C96-728D-45CB-AAA9-3DF48B7FD145}"
EndProject
Global
	GlobalSection(SolutionConfigurationPlatforms) = preSolution
		Debug|iPhoneSimulator = Debug|iPhoneSimulator
		Release|iPhone = Release|iPhone
		Release|iPhoneSimulator = Release|iPhoneSimulator
		Debug|iPhone = Debug|iPhone
		Debug|Any CPU = Debug|Any CPU
		Release|Any CPU = Release|Any CPU
	EndGlobalSection
	GlobalSection(ProjectConfigurationPlatforms) = postSolution
		{D2E45F58-1305-4F45-8EB3-62B01B3AC259}.Debug|iPhoneSimulator.ActiveCfg = Debug|iPhoneSimulator
		{D2E45F58-1305-4F45-8EB3-62B01B3AC259}.Debug|iPhoneSimulator.Build.0 = Debug|iPhoneSimulator
		{D2E45F58-1305-4F45-8EB3-62B01B3AC259}.Release|iPhone.ActiveCfg = Release|iPhone
		{D2E45F58-1305-4F45-8EB3-62B01B3AC259}.Release|iPhone.Build.0 = Release|iPhone
		{D2E45F58-1305-4F45-8EB3-62B01B3AC259}.Release|iPhoneSimulator.ActiveCfg = Release|iPhoneSimulator
		{D2E45F58-1305-4F45-8EB3-62B01B3AC259}.Release|iPhoneSimulator.Build.0 = Release|iPhoneSimulator
		{D2E45F58-1305-4F45-8EB3-62B01B3AC259}.Debug|iPhone.ActiveCfg = Debug|iPhone
		{D2E45F58-1305-4F45-8EB3-62B01B3AC259}.Debug|iPhone.Build.0 = Debug|iPhone
		{D2E45F58-1305-4F45-8EB3-62B01B3AC259}.Debug|Any CPU.ActiveCfg = Debug|iPhoneSimulator
		{D2E45F58-1305-4F45-8EB3-62B01B3AC259}.Debug|Any CPU.Build.0 = Debug|iPhoneSimulator
		{D2E45F58-1305-4F45-8EB3-62B01B3AC259}.Release|Any CPU.ActiveCfg = Release|iPhone
		{D2E45F58-1305-4F45-8EB3-62B01B3AC259}.Release|Any CPU.Build.0 = Release|iPhone
		{B2417C84-E981-4734-9936-B92B2A51F84F}.Debug|iPhoneSimulator.ActiveCfg = Debug|Any CPU
		{B2417C84-E981-4734-9936-B92B2A51F84F}.Debug|iPhoneSimulator.Build.0 = Debug|Any CPU
		{B2417C84-E981-4734-9936-B92B2A51F84F}.Release|iPhone.ActiveCfg = Release|Any CPU
		{B2417C84-E981-4734-9936-B92B2A51F84F}.Release|iPhone.Build.0 = Release|Any CPU
		{B2417C84-E981-4734-9936-B92B2A51F84F}.Release|iPhoneSimulator.ActiveCfg = Release|Any CPU
		{B2417C84-E981-4734-9936-B92B2A51F84F}.Release|iPhoneSimulator.Build.0 = Release|Any CPU
		{B2417C84-E981-4734-9936-B92B2A51F84F}.Debug|iPhone.ActiveCfg = Debug|Any CPU
		{B2417C84-E981-4734-9936-B92B2A51F84F}.Debug|iPhone.Build.0 = Debug|Any CPU
		{B2417C84-E981-4734-9936-B92B2A51F84F}.Debug|Any CPU.ActiveCfg = Debug|Any CPU
		{B2417C84-E981-4734-9936-B92B2A51F84F}.Debug|Any CPU.Build.0 = Debug|Any CPU
		{B2417C84-E981-4734-9936-B92B2A51F84F}.Release|Any CPU.ActiveCfg = Release|Any CPU
		{B2417C84-E981-4734-9936-B92B2A51F84F}.Release|Any CPU.Build.0 = Release|Any CPU
		{0E040C96-728D-45CB-AAA9-3DF48B7FD145}.Debug|iPhoneSimulator.ActiveCfg = Debug|iPhoneSimulator
		{0E040C96-728D-45CB-AAA9-3DF48B7FD145}.Debug|iPhoneSimulator.Build.0 = Debug|iPhoneSimulator
		{0E040C96-728D-45CB-AAA9-3DF48B7FD145}.Release|iPhone.ActiveCfg = Release|iPhone
		{0E040C96-728D-45CB-AAA9-3DF48B7FD145}.Release|iPhone.Build.0 = Release|iPhone
		{0E040C96-728D-45CB-AAA9-3DF48B7FD145}.Release|iPhoneSimulator.ActiveCfg = Release|iPhoneSimulator
		{0E040C96-728D-45CB-AAA9-3DF48B7FD145}.Release|iPhoneSimulator.Build.0 = Release|iPhoneSimulator
		{0E040C96-728D-45CB-AAA9-3DF48B7FD145}.Debug|iPhone.ActiveCfg = Debug|iPhone
		{0E040C96-728D-45CB-AAA9-3DF48B7FD145}.Debug|iPhone.Build.0 = Debug|iPhone
		{0E040C96-728D-45CB-AAA9-3DF48B7FD145}.Debug|Any CPU.ActiveCfg = Debug|iPhoneSimulator
		{0E040C96-728D-45CB-AAA9-3DF48B7FD145}.Debug|Any CPU.Build.0 = Debug|iPhoneSimulator
		{0E040C96-728D-45CB-AAA9-3DF48B7FD145}.Release|Any CPU.ActiveCfg = Release|iPhone
		{0E040C96-728D-45CB-AAA9-3DF48B7FD145}.Release|Any CPU.Build.0 = Release|iPhone
	EndGlobalSection
EndGlobal
